
Microsoft Visual Studio Solution File, Format Version 12.00
# Visual Studio 2012
Project("{FAE04EC0-301F-11D3-BF4B-00C04F79EFBC}") = "BTWebAPI", "BTWebAPI\BTWebAPI.csproj", "{B9341968-5320-49F2-9AC1-C217DF75E273}"
EndProject
Project("{FAE04EC0-301F-11D3-BF4B-00C04F79EFBC}") = "BTWebAPITest", "BTWebAPITest\BTWebAPITest.csproj", "{AA82D5FD-F841-47C8-807A-86234A7A81F8}"
EndProject
Global
	GlobalSection(TeamFoundationVersionControl) = preSolution
		SccNumberOfProjects = 3
		SccEnterpriseProvider = {4CA58AB2-18FA-4F8D-95D4-32DDF27D184C}
		SccTeamFoundationServer = http://vwcapedsud05bs.fisdev.local:8080/tfs/credit_midrange_dev
		SccLocalPath0 = .
		SccProjectUniqueName1 = BTWebAPI\\BTWebAPI.csproj
		SccProjectName1 = BTWebAPI
		SccLocalPath1 = BTWebAPI
		SccProjectUniqueName2 = BTWebAPITest\\BTWebAPITest.csproj
		SccProjectName2 = BTWebAPITest
		SccLocalPath2 = BTWebAPITest
	EndGlobalSection
	GlobalSection(SolutionConfigurationPlatforms) = preSolution
		Debug|Any CPU = Debug|Any CPU
		Release|Any CPU = Release|Any CPU
	EndGlobalSection
	GlobalSection(ProjectConfigurationPlatforms) = postSolution
		{B9341968-5320-49F2-9AC1-C217DF75E273}.Debug|Any CPU.ActiveCfg = Debug|Any CPU
		{B9341968-5320-49F2-9AC1-C217DF75E273}.Debug|Any CPU.Build.0 = Debug|Any CPU
		{B9341968-5320-49F2-9AC1-C217DF75E273}.Release|Any CPU.ActiveCfg = Release|Any CPU
		{B9341968-5320-49F2-9AC1-C217DF75E273}.Release|Any CPU.Build.0 = Release|Any CPU
		{AA82D5FD-F841-47C8-807A-86234A7A81F8}.Debug|Any CPU.ActiveCfg = Debug|Any CPU
		{AA82D5FD-F841-47C8-807A-86234A7A81F8}.Debug|Any CPU.Build.0 = Debug|Any CPU
		{AA82D5FD-F841-47C8-807A-86234A7A81F8}.Release|Any CPU.ActiveCfg = Release|Any CPU
		{AA82D5FD-F841-47C8-807A-86234A7A81F8}.Release|Any CPU.Build.0 = Release|Any CPU
	EndGlobalSection
	GlobalSection(SolutionProperties) = preSolution
		HideSolutionNode = FALSE
	EndGlobalSection
EndGlobal
