
Microsoft Visual Studio Solution File, Format Version 12.00
# Visual Studio 2012
Project("{FAE04EC0-301F-11D3-BF4B-00C04F79EFBC}") = "SamSample", "SamSample\SamSample.csproj", "{D3A3595C-8B54-43F1-8A3C-A5120C754A0C}"
EndProject
Global
	GlobalSection(SolutionConfigurationPlatforms) = preSolution
		Debug|Any CPU = Debug|Any CPU
		Release|Any CPU = Release|Any CPU
	EndGlobalSection
	GlobalSection(ProjectConfigurationPlatforms) = postSolution
		{D3A3595C-8B54-43F1-8A3C-A5120C754A0C}.Debug|Any CPU.ActiveCfg = Debug|Any CPU
		{D3A3595C-8B54-43F1-8A3C-A5120C754A0C}.Debug|Any CPU.Build.0 = Debug|Any CPU
		{D3A3595C-8B54-43F1-8A3C-A5120C754A0C}.Release|Any CPU.ActiveCfg = Release|Any CPU
		{D3A3595C-8B54-43F1-8A3C-A5120C754A0C}.Release|Any CPU.Build.0 = Release|Any CPU
	EndGlobalSection
	GlobalSection(SolutionProperties) = preSolution
		HideSolutionNode = FALSE
	EndGlobalSection
EndGlobal
